{
    "_readme": [
        "This file locks the dependencies of your project to a known state",
        "Read more about it at https://getcomposer.org/doc/01-basic-usage.md#installing-dependencies",
        "This file is @generated automatically"
    ],
    "content-hash": "eba43b2b05394cfbe39edbc69e50558b",
    "packages": [
        {
            "name": "meyfa/php-svg",
            "version": "v0.16.0",
            "source": {
                "type": "git",
                "url": "https://github.com/meyfa/php-svg.git",
                "reference": "efb03d8b1448cb1002977c3588a3d32c24364288"
            },
            "dist": {
                "type": "zip",
                "url": "https://api.github.com/repos/meyfa/php-svg/zipball/efb03d8b1448cb1002977c3588a3d32c24364288",
                "reference": "efb03d8b1448cb1002977c3588a3d32c24364288",
                "shasum": ""
            },
            "require": {
                "php": ">=7.4.0"
            },
            "require-dev": {
                "meyfa/phpunit-assert-gd": "^v3.0.0",
                "phpmd/phpmd": "^2.15.0",
                "phpunit/phpunit": "^9.6.16",
                "rector/rector": "^1.0"
            },
            "suggest": {
                "ext-gd": "Needed to rasterize images",
                "ext-simplexml": "Needed to read SVG strings and files"
            },
            "type": "library",
            "autoload": {
                "psr-4": {
                    "SVG\\": "src/"
                }
            },
            "notification-url": "https://packagist.org/downloads/",
            "license": [
                "MIT"
            ],
            "authors": [
                {
                    "name": "Fabian Meyer",
                    "homepage": "https://meyfa.net"
                }
            ],
            "description": "Read, edit, write, and render SVG files with PHP",
            "homepage": "https://github.com/meyfa/php-svg",
            "keywords": [
                "svg"
            ],
            "support": {
                "issues": "https://github.com/meyfa/php-svg/issues",
                "source": "https://github.com/meyfa/php-svg/tree/v0.16.0"
            },
            "funding": [
                {
                    "url": "https://github.com/meyfa",
                    "type": "github"
                }
            ],
            "time": "2024-07-12T11:40:56+00:00"
        }
    ],
    "packages-dev": [],
    "aliases": [],
    "minimum-stability": "stable",
    "stability-flags": [],
    "prefer-stable": false,
    "prefer-lowest": false,
    "platform": [],
    "platform-dev": [],
    "plugin-api-version": "2.2.0"
}
